
Microsoft Visual Studio Solution File, Format Version 12.00
# Visual Studio Version 16
VisualStudioVersion = 16.0.29920.165
MinimumVisualStudioVersion = 10.0.40219.1
Project("{8BC9CEB8-8B4A-11D0-8D11-00A0C91BC942}") = "GLM", "GLM.vcxproj", "{8A78A2FA-E72B-40DC-9B3F-B0A8D0E1E8DA}"
EndProject
Global
	GlobalSection(SolutionConfigurationPlatforms) = preSolution
		Debug|x64 = Debug|x64
		Release|x64 = Release|x64
	EndGlobalSection
	GlobalSection(ProjectConfigurationPlatforms) = postSolution
		{8A78A2FA-E72B-40DC-9B3F-B0A8D0E1E8DA}.Debug|x64.ActiveCfg = Debug|x64
		{8A78A2FA-E72B-40DC-9B3F-B0A8D0E1E8DA}.Debug|x64.Build.0 = Debug|x64
		{8A78A2FA-E72B-40DC-9B3F-B0A8D0E1E8DA}.Release|x64.ActiveCfg = Release|x64
		{8A78A2FA-E72B-40DC-9B3F-B0A8D0E1E8DA}.Release|x64.Build.0 = Release|x64
	EndGlobalSection
	GlobalSection(SolutionProperties) = preSolution
		HideSolutionNode = FALSE
	EndGlobalSection
	GlobalSection(ExtensibilityGlobals) = postSolution
		SolutionGuid = {20D0BD9E-6157-4126-B663-25FA14A303AE}
	EndGlobalSection
EndGlobal
